
Microsoft Visual Studio Solution File, Format Version 12.00
# Visual Studio Version 17
VisualStudioVersion = 17.12.35527.113
MinimumVisualStudioVersion = 10.0.40219.1
Project("{FAE04EC0-301F-11D3-BF4B-00C04F79EFBC}") = "Relembrando", "Relembrando\Relembrando.csproj", "{4296FE70-DAAE-4DAA-8D5A-C5FA51FDB56A}"
EndProject
Project("{FAE04EC0-301F-11D3-BF4B-00C04F79EFBC}") = "Banco", "Banco\Banco.csproj", "{617E162C-4427-4BFF-B4C1-559A421CCF9D}"
EndProject
Global
	GlobalSection(SolutionConfigurationPlatforms) = preSolution
		Debug|Any CPU = Debug|Any CPU
		Release|Any CPU = Release|Any CPU
	EndGlobalSection
	GlobalSection(ProjectConfigurationPlatforms) = postSolution
		{4296FE70-DAAE-4DAA-8D5A-C5FA51FDB56A}.Debug|Any CPU.ActiveCfg = Debug|Any CPU
		{4296FE70-DAAE-4DAA-8D5A-C5FA51FDB56A}.Debug|Any CPU.Build.0 = Debug|Any CPU
		{4296FE70-DAAE-4DAA-8D5A-C5FA51FDB56A}.Release|Any CPU.ActiveCfg = Release|Any CPU
		{4296FE70-DAAE-4DAA-8D5A-C5FA51FDB56A}.Release|Any CPU.Build.0 = Release|Any CPU
		{617E162C-4427-4BFF-B4C1-559A421CCF9D}.Debug|Any CPU.ActiveCfg = Debug|Any CPU
		{617E162C-4427-4BFF-B4C1-559A421CCF9D}.Debug|Any CPU.Build.0 = Debug|Any CPU
		{617E162C-4427-4BFF-B4C1-559A421CCF9D}.Release|Any CPU.ActiveCfg = Release|Any CPU
		{617E162C-4427-4BFF-B4C1-559A421CCF9D}.Release|Any CPU.Build.0 = Release|Any CPU
	EndGlobalSection
	GlobalSection(SolutionProperties) = preSolution
		HideSolutionNode = FALSE
	EndGlobalSection
EndGlobal
